{
  "version": 4,
  "terraform_version": "1.3.5",
  "serial": 316,
  "lineage": "d20eb7b8-a9a0-0546-9a36-27e4612becc0",
  "outputs": {},
  "resources": [
    {
      "mode": "managed",
      "type": "aws_instance",
      "name": "ec2",
      "provider": "provider[\"registry.terraform.io/hashicorp/aws\"]",
      "instances": [
        {
          "schema_version": 1,
          "attributes": {
            "ami": "ami-07ffb2f4d65357b42",
            "arn": "arn:aws:ec2:ap-south-1:765385464256:instance/i-0d26e87dd5ada448c",
            "associate_public_ip_address": true,
            "availability_zone": "ap-south-1b",
            "capacity_reservation_specification": [
              {
                "capacity_reservation_preference": "open",
                "capacity_reservation_target": []
              }
            ],
            "cpu_core_count": 1,
            "cpu_threads_per_core": 1,
            "credit_specification": [
              {
                "cpu_credits": "standard"
              }
            ],
            "disable_api_stop": false,
            "disable_api_termination": false,
            "ebs_block_device": [],
            "ebs_optimized": false,
            "enclave_options": [
              {
                "enabled": false
              }
            ],
            "ephemeral_block_device": [],
            "get_password_data": false,
            "hibernation": false,
            "host_id": null,
            "host_resource_group_arn": null,
            "iam_instance_profile": "",
            "id": "i-0d26e87dd5ada448c",
            "instance_initiated_shutdown_behavior": "stop",
            "instance_state": "running",
            "instance_type": "t2.micro",
            "ipv6_address_count": 0,
            "ipv6_addresses": [],
            "key_name": "key-tf",
            "launch_template": [],
            "maintenance_options": [
              {
                "auto_recovery": "default"
              }
            ],
            "metadata_options": [
              {
                "http_endpoint": "enabled",
                "http_put_response_hop_limit": 1,
                "http_tokens": "optional",
                "instance_metadata_tags": "disabled"
              }
            ],
            "monitoring": false,
            "network_interface": [],
            "outpost_arn": "",
            "password_data": "",
            "placement_group": "",
            "placement_partition_number": null,
            "primary_network_interface_id": "eni-08f5a642feb4413b7",
            "private_dns": "ip-172-31-4-119.ap-south-1.compute.internal",
            "private_dns_name_options": [
              {
                "enable_resource_name_dns_a_record": false,
                "enable_resource_name_dns_aaaa_record": false,
                "hostname_type": "ip-name"
              }
            ],
            "private_ip": "172.31.4.119",
            "public_dns": "ec2-3-7-70-248.ap-south-1.compute.amazonaws.com",
            "public_ip": "3.7.70.248",
            "root_block_device": [
              {
                "delete_on_termination": true,
                "device_name": "/dev/sda1",
                "encrypted": false,
                "iops": 100,
                "kms_key_id": "",
                "tags": {},
                "throughput": 0,
                "volume_id": "vol-0fb9bb82fa03a8ad2",
                "volume_size": 8,
                "volume_type": "gp2"
              }
            ],
            "secondary_private_ips": [],
            "security_groups": [
              "security-group-for-ec2"
            ],
            "source_dest_check": true,
            "subnet_id": "subnet-0f25d699a1ab5002d",
            "tags": {
              "Name": "ec2-frm-terraform"
            },
            "tags_all": {
              "Name": "ec2-frm-terraform"
            },
            "tenancy": "default",
            "timeouts": null,
            "user_data": "8e7fb828d338b5abb47855d803d19f8e98e425fc",
            "user_data_base64": null,
            "user_data_replace_on_change": false,
            "volume_tags": null,
            "vpc_security_group_ids": [
              "sg-02731e56f71cdd60d"
            ]
          },
          "sensitive_attributes": [],
          "private": "eyJlMmJmYjczMC1lY2FhLTExZTYtOGY4OC0zNDM2M2JjN2M0YzAiOnsiY3JlYXRlIjo2MDAwMDAwMDAwMDAsImRlbGV0ZSI6MTIwMDAwMDAwMDAwMCwidXBkYXRlIjo2MDAwMDAwMDAwMDB9LCJzY2hlbWFfdmVyc2lvbiI6IjEifQ==",
          "dependencies": [
            "aws_key_pair.key-tf",
            "aws_security_group.sg-for-ec2-instance"
          ]
        }
      ]
    },
    {
      "mode": "managed",
      "type": "aws_key_pair",
      "name": "key-tf",
      "provider": "provider[\"registry.terraform.io/hashicorp/aws\"]",
      "instances": [
        {
          "schema_version": 1,
          "attributes": {
            "arn": "arn:aws:ec2:ap-south-1:765385464256:key-pair/key-tf",
            "fingerprint": "3d:24:2d:ac:24:6a:4c:b1:0f:28:e1:ef:23:a8:68:06",
            "id": "key-tf",
            "key_name": "key-tf",
            "key_name_prefix": "",
            "key_pair_id": "key-0bd127508dc9c4a78",
            "key_type": "rsa",
            "public_key": "ssh-rsa AAAAB3NzaC1yc2EAAAADAQABAAABgQDXcazDANnGq551ywrv31UEDDLzKnBlS5GiEOXvDFcw7BMJTN0TXcK5/ObLwdP9UuUF0ax7T8SaJIPD/S7fMX2awwELTWa9cG1h5+OTxTQZgAMyittuC2M2RKJ9wMiMQjS9kfRpsUgG7s8beN1Xq/BNAlUSOMh1wqCIjH2Oe0XCUg3TJYhYbB/dz5CC++tuwPF5aNmPt1YsGYUO9g9PEIEsbBvMhUahAp2qAdJrWPoPKbxIc2Sc5BIrnFVkb75Qkjf2ha6l4w64odNAvYqm6fEcTaUpojuMBabyTokLZ3bBrwcyNLrQxxkMMxAuOhMQjVcMMMM9iuESMWRdnshdAYagGbyET9djd2DiGYWGiTMMjqdAlVBU1MOtSzGt8D0UY8WiMoTv1m+JXWn+Y1BBM9TX0UyKuOA8VOFK5CKRBa18l2nIzQeWb32EdS9I32GJdQmMwQ+oCacjfiGhK7BYRyNcpxUvz0S8w8bvGL4x98B/L6kF8XiP1lBDZvVamq9x1zs= pc@DESKTOP-NKH37G5",
            "tags": null,
            "tags_all": {}
          },
          "sensitive_attributes": [],
          "private": "eyJzY2hlbWFfdmVyc2lvbiI6IjEifQ=="
        }
      ]
    },
    {
      "mode": "managed",
      "type": "aws_security_group",
      "name": "sg-for-ec2-instance",
      "provider": "provider[\"registry.terraform.io/hashicorp/aws\"]",
      "instances": [
        {
          "schema_version": 1,
          "attributes": {
            "arn": "arn:aws:ec2:ap-south-1:765385464256:security-group/sg-02731e56f71cdd60d",
            "description": "Allow TLS inbound traffic",
            "egress": [
              {
                "cidr_blocks": [
                  "0.0.0.0/0"
                ],
                "description": "",
                "from_port": 0,
                "ipv6_cidr_blocks": [],
                "prefix_list_ids": [],
                "protocol": "-1",
                "security_groups": [],
                "self": false,
                "to_port": 0
              }
            ],
            "id": "sg-02731e56f71cdd60d",
            "ingress": [
              {
                "cidr_blocks": [
                  "0.0.0.0/0"
                ],
                "description": "TLS from VPC",
                "from_port": 22,
                "ipv6_cidr_blocks": [],
                "prefix_list_ids": [],
                "protocol": "tcp",
                "security_groups": [],
                "self": false,
                "to_port": 22
              },
              {
                "cidr_blocks": [
                  "0.0.0.0/0"
                ],
                "description": "TLS from VPC",
                "from_port": 27017,
                "ipv6_cidr_blocks": [],
                "prefix_list_ids": [],
                "protocol": "tcp",
                "security_groups": [],
                "self": false,
                "to_port": 27017
              },
              {
                "cidr_blocks": [
                  "0.0.0.0/0"
                ],
                "description": "TLS from VPC",
                "from_port": 3306,
                "ipv6_cidr_blocks": [],
                "prefix_list_ids": [],
                "protocol": "tcp",
                "security_groups": [],
                "self": false,
                "to_port": 3306
              },
              {
                "cidr_blocks": [
                  "0.0.0.0/0"
                ],
                "description": "TLS from VPC",
                "from_port": 443,
                "ipv6_cidr_blocks": [],
                "prefix_list_ids": [],
                "protocol": "tcp",
                "security_groups": [],
                "self": false,
                "to_port": 443
              },
              {
                "cidr_blocks": [
                  "0.0.0.0/0"
                ],
                "description": "TLS from VPC",
                "from_port": 8080,
                "ipv6_cidr_blocks": [],
                "prefix_list_ids": [],
                "protocol": "tcp",
                "security_groups": [],
                "self": false,
                "to_port": 8080
              },
              {
                "cidr_blocks": [
                  "0.0.0.0/0"
                ],
                "description": "TLS from VPC",
                "from_port": 80,
                "ipv6_cidr_blocks": [],
                "prefix_list_ids": [],
                "protocol": "tcp",
                "security_groups": [],
                "self": false,
                "to_port": 80
              }
            ],
            "name": "security-group-for-ec2",
            "name_prefix": "",
            "owner_id": "765385464256",
            "revoke_rules_on_delete": false,
            "tags": null,
            "tags_all": {},
            "timeouts": null,
            "vpc_id": "vpc-050e304823444e3e8"
          },
          "sensitive_attributes": [],
          "private": "eyJlMmJmYjczMC1lY2FhLTExZTYtOGY4OC0zNDM2M2JjN2M0YzAiOnsiY3JlYXRlIjo2MDAwMDAwMDAwMDAsImRlbGV0ZSI6OTAwMDAwMDAwMDAwfSwic2NoZW1hX3ZlcnNpb24iOiIxIn0="
        }
      ]
    }
  ],
  "check_results": null
}
